
Microsoft Visual Studio Solution File, Format Version 10.00
# Visual Studio 2008
Project("{FAE04EC0-301F-11D3-BF4B-00C04F79EFBC}") = "HighwaySimulation", "HighwaySimulation\HighwaySimulation.csproj", "{5F95BE79-9502-4C44-BA29-C084C9A3AC71}"
EndProject
Project("{FAE04EC0-301F-11D3-BF4B-00C04F79EFBC}") = "HighwayTests", "HighwayTests\HighwayTests.csproj", "{0EB600A9-1A54-4D58-8673-2577C162B562}"
EndProject
Project("{2150E333-8FDC-42A3-9474-1A3956D46DE8}") = "Solution Items", "Solution Items", "{B6C949AE-B18F-47FB-B555-4534335FEDD9}"
	ProjectSection(SolutionItems) = preProject
		LocalTestRun.testrunconfig = LocalTestRun.testrunconfig
		Sysmod.vsmdi = Sysmod.vsmdi
	EndProjectSection
EndProject
Project("{FAE04EC0-301F-11D3-BF4B-00C04F79EFBC}") = "RandomContainer", "Random\RandomContainer.csproj", "{F1D05C02-3756-4357-A1C4-9D7AEC6EE1E8}"
EndProject
Project("{FAE04EC0-301F-11D3-BF4B-00C04F79EFBC}") = "SimHighway", "SimHighway\SimHighway.csproj", "{B5B327AD-8D11-48C5-A3DB-CA7045BC6CAB}"
EndProject
Global
	GlobalSection(TestCaseManagementSettings) = postSolution
		CategoryFile = Sysmod.vsmdi
	EndGlobalSection
	GlobalSection(SolutionConfigurationPlatforms) = preSolution
		Debug|Any CPU = Debug|Any CPU
		Release|Any CPU = Release|Any CPU
	EndGlobalSection
	GlobalSection(ProjectConfigurationPlatforms) = postSolution
		{5F95BE79-9502-4C44-BA29-C084C9A3AC71}.Debug|Any CPU.ActiveCfg = Debug|Any CPU
		{5F95BE79-9502-4C44-BA29-C084C9A3AC71}.Debug|Any CPU.Build.0 = Debug|Any CPU
		{5F95BE79-9502-4C44-BA29-C084C9A3AC71}.Release|Any CPU.ActiveCfg = Release|Any CPU
		{5F95BE79-9502-4C44-BA29-C084C9A3AC71}.Release|Any CPU.Build.0 = Release|Any CPU
		{0EB600A9-1A54-4D58-8673-2577C162B562}.Debug|Any CPU.ActiveCfg = Debug|Any CPU
		{0EB600A9-1A54-4D58-8673-2577C162B562}.Debug|Any CPU.Build.0 = Debug|Any CPU
		{0EB600A9-1A54-4D58-8673-2577C162B562}.Release|Any CPU.ActiveCfg = Release|Any CPU
		{0EB600A9-1A54-4D58-8673-2577C162B562}.Release|Any CPU.Build.0 = Release|Any CPU
		{F1D05C02-3756-4357-A1C4-9D7AEC6EE1E8}.Debug|Any CPU.ActiveCfg = Debug|Any CPU
		{F1D05C02-3756-4357-A1C4-9D7AEC6EE1E8}.Debug|Any CPU.Build.0 = Debug|Any CPU
		{F1D05C02-3756-4357-A1C4-9D7AEC6EE1E8}.Release|Any CPU.ActiveCfg = Release|Any CPU
		{F1D05C02-3756-4357-A1C4-9D7AEC6EE1E8}.Release|Any CPU.Build.0 = Release|Any CPU
		{B5B327AD-8D11-48C5-A3DB-CA7045BC6CAB}.Debug|Any CPU.ActiveCfg = Debug|Any CPU
		{B5B327AD-8D11-48C5-A3DB-CA7045BC6CAB}.Debug|Any CPU.Build.0 = Debug|Any CPU
		{B5B327AD-8D11-48C5-A3DB-CA7045BC6CAB}.Release|Any CPU.ActiveCfg = Release|Any CPU
		{B5B327AD-8D11-48C5-A3DB-CA7045BC6CAB}.Release|Any CPU.Build.0 = Release|Any CPU
	EndGlobalSection
	GlobalSection(SolutionProperties) = preSolution
		HideSolutionNode = FALSE
	EndGlobalSection
EndGlobal
